
Microsoft Visual Studio Solution File, Format Version 12.00
# Visual Studio Version 16
VisualStudioVersion = 16.0.30523.141
MinimumVisualStudioVersion = 10.0.40219.1
Project("{FAE04EC0-301F-11D3-BF4B-00C04F79EFBC}") = "Toolkit", "src\Toolkit\Toolkit.csproj", "{14AA0A37-CA20-42F1-9702-B5F3F7637ABD}"
EndProject
Project("{FAE04EC0-301F-11D3-BF4B-00C04F79EFBC}") = "Vivelin.Toolkit", "src\Vivelin.Toolkit\Vivelin.Toolkit.csproj", "{59369EEB-4B75-4CD7-AF1B-5796791C7154}"
EndProject
Project("{FAE04EC0-301F-11D3-BF4B-00C04F79EFBC}") = "Vivelin.Toolkit.Tests", "test\Vivelin.Toolkit.Tests\Vivelin.Toolkit.Tests.csproj", "{583E0E72-511E-4C20-B512-90F094646D0B}"
EndProject
Global
	GlobalSection(SolutionConfigurationPlatforms) = preSolution
		Debug|Any CPU = Debug|Any CPU
		Release|Any CPU = Release|Any CPU
	EndGlobalSection
	GlobalSection(ProjectConfigurationPlatforms) = postSolution
		{14AA0A37-CA20-42F1-9702-B5F3F7637ABD}.Debug|Any CPU.ActiveCfg = Debug|Any CPU
		{14AA0A37-CA20-42F1-9702-B5F3F7637ABD}.Debug|Any CPU.Build.0 = Debug|Any CPU
		{14AA0A37-CA20-42F1-9702-B5F3F7637ABD}.Release|Any CPU.ActiveCfg = Release|Any CPU
		{14AA0A37-CA20-42F1-9702-B5F3F7637ABD}.Release|Any CPU.Build.0 = Release|Any CPU
		{59369EEB-4B75-4CD7-AF1B-5796791C7154}.Debug|Any CPU.ActiveCfg = Debug|Any CPU
		{59369EEB-4B75-4CD7-AF1B-5796791C7154}.Debug|Any CPU.Build.0 = Debug|Any CPU
		{59369EEB-4B75-4CD7-AF1B-5796791C7154}.Release|Any CPU.ActiveCfg = Release|Any CPU
		{59369EEB-4B75-4CD7-AF1B-5796791C7154}.Release|Any CPU.Build.0 = Release|Any CPU
		{583E0E72-511E-4C20-B512-90F094646D0B}.Debug|Any CPU.ActiveCfg = Debug|Any CPU
		{583E0E72-511E-4C20-B512-90F094646D0B}.Debug|Any CPU.Build.0 = Debug|Any CPU
		{583E0E72-511E-4C20-B512-90F094646D0B}.Release|Any CPU.ActiveCfg = Release|Any CPU
		{583E0E72-511E-4C20-B512-90F094646D0B}.Release|Any CPU.Build.0 = Release|Any CPU
	EndGlobalSection
	GlobalSection(SolutionProperties) = preSolution
		HideSolutionNode = FALSE
	EndGlobalSection
	GlobalSection(ExtensibilityGlobals) = postSolution
		SolutionGuid = {790AC579-EAAC-47F9-9CCB-67B7787E8275}
	EndGlobalSection
EndGlobal
